# This file was autogenerated by Stack.
# You should not edit this file by hand.
# For more information, please see the documentation at:
#   https://docs.haskellstack.org/en/stable/lock_files

packages:
- completed:
    hackage: envparse-0.6.0@sha256:df4483a7cf9829349b65248e2d6d692a83da807ae2cc3908013d3787a8d17251,2849
    pantry-tree:
      sha256: d44ff86675e0da01914f13debd985fa46de25d7f8c2d5b43125f57eb053c014e
      size: 1181
  original:
    hackage: envparse-0.6.0
snapshots:
- completed:
    sha256: 4a0e5e187fbef423f9c60072bfb1dd56f2a01a07a2667eb1469bd79073cfceaf
    size: 713340
    url: https://raw.githubusercontent.com/commercialhaskell/stackage-snapshots/master/lts/22/20.yaml
  original:
    url: https://raw.githubusercontent.com/commercialhaskell/stackage-snapshots/master/lts/22/20.yaml
